
Microsoft Visual Studio Solution File, Format Version 12.00
# Visual Studio 14
VisualStudioVersion = 14.0.25420.1
MinimumVisualStudioVersion = 10.0.40219.1
Project("{FAE04EC0-301F-11D3-BF4B-00C04F79EFBC}") = "OpenUIX", "Sources\OpenUIX.csproj", "{99B90528-98AB-4552-B5AB-CBC8E9C73A83}"
EndProject
Project("{FAE04EC0-301F-11D3-BF4B-00C04F79EFBC}") = "OpenUIX.Utilities", "Utilities\OpenUIX.Utilities.csproj", "{AD7518A4-1AF4-40BA-9A58-024F84F62A4F}"
EndProject
Project("{FAE04EC0-301F-11D3-BF4B-00C04F79EFBC}") = "OpenUIX.Tests", "Tests\OpenUIX.Tests.csproj", "{EE2B65C5-71FE-4994-BB3A-22940561044C}"
EndProject
Global
	GlobalSection(SolutionConfigurationPlatforms) = preSolution
		Debug|Any CPU = Debug|Any CPU
		Release|Any CPU = Release|Any CPU
	EndGlobalSection
	GlobalSection(ProjectConfigurationPlatforms) = postSolution
		{99B90528-98AB-4552-B5AB-CBC8E9C73A83}.Debug|Any CPU.ActiveCfg = Debug|Any CPU
		{99B90528-98AB-4552-B5AB-CBC8E9C73A83}.Debug|Any CPU.Build.0 = Debug|Any CPU
		{99B90528-98AB-4552-B5AB-CBC8E9C73A83}.Release|Any CPU.ActiveCfg = Release|Any CPU
		{99B90528-98AB-4552-B5AB-CBC8E9C73A83}.Release|Any CPU.Build.0 = Release|Any CPU
		{AD7518A4-1AF4-40BA-9A58-024F84F62A4F}.Debug|Any CPU.ActiveCfg = Debug|Any CPU
		{AD7518A4-1AF4-40BA-9A58-024F84F62A4F}.Debug|Any CPU.Build.0 = Debug|Any CPU
		{AD7518A4-1AF4-40BA-9A58-024F84F62A4F}.Release|Any CPU.ActiveCfg = Release|Any CPU
		{AD7518A4-1AF4-40BA-9A58-024F84F62A4F}.Release|Any CPU.Build.0 = Release|Any CPU
		{EE2B65C5-71FE-4994-BB3A-22940561044C}.Debug|Any CPU.ActiveCfg = Debug|Any CPU
		{EE2B65C5-71FE-4994-BB3A-22940561044C}.Debug|Any CPU.Build.0 = Debug|Any CPU
		{EE2B65C5-71FE-4994-BB3A-22940561044C}.Release|Any CPU.ActiveCfg = Release|Any CPU
		{EE2B65C5-71FE-4994-BB3A-22940561044C}.Release|Any CPU.Build.0 = Release|Any CPU
	EndGlobalSection
	GlobalSection(SolutionProperties) = preSolution
		HideSolutionNode = FALSE
	EndGlobalSection
EndGlobal
